
Microsoft Visual Studio Solution File, Format Version 12.00
# Visual Studio Version 17
VisualStudioVersion = 17.7.34202.233
MinimumVisualStudioVersion = 10.0.40219.1
Project("{FAE04EC0-301F-11D3-BF4B-00C04F79EFBC}") = "screenSound2", "screenSound2\screenSound2.csproj", "{83B512A5-F3AF-4691-9705-6ADA9A2BCDE8}"
EndProject
Global
	GlobalSection(SolutionConfigurationPlatforms) = preSolution
		Debug|Any CPU = Debug|Any CPU
		Release|Any CPU = Release|Any CPU
	EndGlobalSection
	GlobalSection(ProjectConfigurationPlatforms) = postSolution
		{83B512A5-F3AF-4691-9705-6ADA9A2BCDE8}.Debug|Any CPU.ActiveCfg = Debug|Any CPU
		{83B512A5-F3AF-4691-9705-6ADA9A2BCDE8}.Debug|Any CPU.Build.0 = Debug|Any CPU
		{83B512A5-F3AF-4691-9705-6ADA9A2BCDE8}.Release|Any CPU.ActiveCfg = Release|Any CPU
		{83B512A5-F3AF-4691-9705-6ADA9A2BCDE8}.Release|Any CPU.Build.0 = Release|Any CPU
	EndGlobalSection
	GlobalSection(SolutionProperties) = preSolution
		HideSolutionNode = FALSE
	EndGlobalSection
	GlobalSection(ExtensibilityGlobals) = postSolution
		SolutionGuid = {15354FAD-1666-48CF-A5F1-C959D29388CC}
	EndGlobalSection
EndGlobal
